
Microsoft Visual Studio Solution File, Format Version 12.00
# Visual Studio Version 17
VisualStudioVersion = 17.0.31919.166
MinimumVisualStudioVersion = 10.0.40219.1
Project("{FAE04EC0-301F-11D3-BF4B-00C04F79EFBC}") = "ToDoList", "ToDoList\ToDoList.csproj", "{51DD447B-BE94-4BBB-ADC7-1608F6B1142E}"
EndProject
Global
	GlobalSection(SolutionConfigurationPlatforms) = preSolution
		Debug|Any CPU = Debug|Any CPU
		Release|Any CPU = Release|Any CPU
	EndGlobalSection
	GlobalSection(ProjectConfigurationPlatforms) = postSolution
		{51DD447B-BE94-4BBB-ADC7-1608F6B1142E}.Debug|Any CPU.ActiveCfg = Debug|Any CPU
		{51DD447B-BE94-4BBB-ADC7-1608F6B1142E}.Debug|Any CPU.Build.0 = Debug|Any CPU
		{51DD447B-BE94-4BBB-ADC7-1608F6B1142E}.Release|Any CPU.ActiveCfg = Release|Any CPU
		{51DD447B-BE94-4BBB-ADC7-1608F6B1142E}.Release|Any CPU.Build.0 = Release|Any CPU
	EndGlobalSection
	GlobalSection(SolutionProperties) = preSolution
		HideSolutionNode = FALSE
	EndGlobalSection
	GlobalSection(ExtensibilityGlobals) = postSolution
		SolutionGuid = {35BD43B7-6449-41AE-A6F5-396A0408D2AD}
	EndGlobalSection
EndGlobal
